
Microsoft Visual Studio Solution File, Format Version 12.00
# Visual Studio 15
VisualStudioVersion = 15.0.26730.12
MinimumVisualStudioVersion = 10.0.40219.1
Project("{FAE04EC0-301F-11D3-BF4B-00C04F79EFBC}") = "FastQCRipper", "FastQCRipper\FastQCRipper.csproj", "{41DF8FE9-0B72-45F1-93BB-9E5027220BD8}"
EndProject
Global
	GlobalSection(SolutionConfigurationPlatforms) = preSolution
		Debug|Any CPU = Debug|Any CPU
		Release|Any CPU = Release|Any CPU
	EndGlobalSection
	GlobalSection(ProjectConfigurationPlatforms) = postSolution
		{41DF8FE9-0B72-45F1-93BB-9E5027220BD8}.Debug|Any CPU.ActiveCfg = Debug|Any CPU
		{41DF8FE9-0B72-45F1-93BB-9E5027220BD8}.Debug|Any CPU.Build.0 = Debug|Any CPU
		{41DF8FE9-0B72-45F1-93BB-9E5027220BD8}.Release|Any CPU.ActiveCfg = Release|Any CPU
		{41DF8FE9-0B72-45F1-93BB-9E5027220BD8}.Release|Any CPU.Build.0 = Release|Any CPU
	EndGlobalSection
	GlobalSection(SolutionProperties) = preSolution
		HideSolutionNode = FALSE
	EndGlobalSection
	GlobalSection(ExtensibilityGlobals) = postSolution
		SolutionGuid = {241F407E-2A9C-4576-AC00-D6C0B0BC9032}
	EndGlobalSection
EndGlobal
